// !$*UTF8*$!
{
	archiveVersion = 1;
	classes = {
	};
	objectVersion = 77;
	objects = {

/* Begin PBXContainerItemProxy section */
		87F91EFF2CFCA0DB00DF1026 /* PBXContainerItemProxy */ = {
			isa = PBXContainerItemProxy;
			containerPortal = 87F91EE52CFCA0D800DF1026 /* Project object */;
			proxyType = 1;
			remoteGlobalIDString = 87F91EEC2CFCA0D800DF1026;
			remoteInfo = "Advent of Code 2024";
		};
		87F91F092CFCA0DB00DF1026 /* PBXContainerItemProxy */ = {
			isa = PBXContainerItemProxy;
			containerPortal = 87F91EE52CFCA0D800DF1026 /* Project object */;
			proxyType = 1;
			remoteGlobalIDString = 87F91EEC2CFCA0D800DF1026;
			remoteInfo = "Advent of Code 2024";
		};
/* End PBXContainerItemProxy section */

/* Begin PBXFileReference section */
		87F91EED2CFCA0D800DF1026 /* Advent of Code 2024.app */ = {isa = PBXFileReference; explicitFileType = wrapper.application; includeInIndex = 0; path = "Advent of Code 2024.app"; sourceTree = BUILT_PRODUCTS_DIR; };
		87F91EFE2CFCA0DB00DF1026 /* Advent of Code 2024Tests.xctest */ = {isa = PBXFileReference; explicitFileType = wrapper.cfbundle; includeInIndex = 0; path = "Advent of Code 2024Tests.xctest"; sourceTree = BUILT_PRODUCTS_DIR; };
		87F91F082CFCA0DB00DF1026 /* Advent of Code 2024UITests.xctest */ = {isa = PBXFileReference; explicitFileType = wrapper.cfbundle; includeInIndex = 0; path = "Advent of Code 2024UITests.xctest"; sourceTree = BUILT_PRODUCTS_DIR; };
/* End PBXFileReference section */

/* Begin PBXFileSystemSynchronizedGroupBuildPhaseMembershipExceptionSet section */
		875FC7332CFDE37200D596AF /* Exceptions for "Advent of Code 2024" folder in "Compile Sources" phase from "Advent of Code 2024" target */ = {
			isa = PBXFileSystemSynchronizedGroupBuildPhaseMembershipExceptionSet;
			buildPhase = 87F91EE92CFCA0D800DF1026 /* Sources */;
			membershipExceptions = (
				"Day 2/Day2PuzzleInput.txt",
			);
		};
/* End PBXFileSystemSynchronizedGroupBuildPhaseMembershipExceptionSet section */

/* Begin PBXFileSystemSynchronizedRootGroup section */
		87F91EEF2CFCA0D800DF1026 /* Advent of Code 2024 */ = {
			isa = PBXFileSystemSynchronizedRootGroup;
			exceptions = (
				875FC7332CFDE37200D596AF /* Exceptions for "Advent of Code 2024" folder in "Compile Sources" phase from "Advent of Code 2024" target */,
			);
			path = "Advent of Code 2024";
			sourceTree = "<group>";
		};
		87F91F012CFCA0DB00DF1026 /* Advent of Code 2024Tests */ = {
			isa = PBXFileSystemSynchronizedRootGroup;
			path = "Advent of Code 2024Tests";
			sourceTree = "<group>";
		};
		87F91F0B2CFCA0DB00DF1026 /* Advent of Code 2024UITests */ = {
			isa = PBXFileSystemSynchronizedRootGroup;
			path = "Advent of Code 2024UITests";
			sourceTree = "<group>";
		};
/* End PBXFileSystemSynchronizedRootGroup section */

/* Begin PBXFrameworksBuildPhase section */
		87F91EEA2CFCA0D800DF1026 /* Frameworks */ = {
			isa = PBXFrameworksBuildPhase;
			buildActionMask = 2147483647;
			files = (
			);
			runOnlyForDeploymentPostprocessing = 0;
		};
		87F91EFB2CFCA0DB00DF1026 /* Frameworks */ = {
			isa = PBXFrameworksBuildPhase;
			buildActionMask = 2147483647;
			files = (
			);
			runOnlyForDeploymentPostprocessing = 0;
		};
		87F91F052CFCA0DB00DF1026 /* Frameworks */ = {
			isa = PBXFrameworksBuildPhase;
			buildActionMask = 2147483647;
			files = (
			);
			runOnlyForDeploymentPostprocessing = 0;
		};
/* End PBXFrameworksBuildPhase section */

/* Begin PBXGroup section */
		87F91EE42CFCA0D800DF1026 = {
			isa = PBXGroup;
			children = (
				87F91EEF2CFCA0D800DF1026 /* Advent of Code 2024 */,
				87F91F012CFCA0DB00DF1026 /* Advent of Code 2024Tests */,
				87F91F0B2CFCA0DB00DF1026 /* Advent of Code 2024UITests */,
				87F91EEE2CFCA0D800DF1026 /* Products */,
			);
			sourceTree = "<group>";
		};
		87F91EEE2CFCA0D800DF1026 /* Products */ = {
			isa = PBXGroup;
			children = (
				87F91EED2CFCA0D800DF1026 /* Advent of Code 2024.app */,
				87F91EFE2CFCA0DB00DF1026 /* Advent of Code 2024Tests.xctest */,
				87F91F082CFCA0DB00DF1026 /* Advent of Code 2024UITests.xctest */,
			);
			name = Products;
			sourceTree = "<group>";
		};
/* End PBXGroup section */

/* Begin PBXNativeTarget section */
		87F91EEC2CFCA0D800DF1026 /* Advent of Code 2024 */ = {
			isa = PBXNativeTarget;
			buildConfigurationList = 87F91F122CFCA0DB00DF1026 /* Build configuration list for PBXNativeTarget "Advent of Code 2024" */;
			buildPhases = (
				87F91EE92CFCA0D800DF1026 /* Sources */,
				87F91EEA2CFCA0D800DF1026 /* Frameworks */,
				87F91EEB2CFCA0D800DF1026 /* Resources */,
			);
			buildRules = (
			);
			dependencies = (
			);
			fileSystemSynchronizedGroups = (
				87F91EEF2CFCA0D800DF1026 /* Advent of Code 2024 */,
			);
			name = "Advent of Code 2024";
			packageProductDependencies = (
			);
			productName = "Advent of Code 2024";
			productReference = 87F91EED2CFCA0D800DF1026 /* Advent of Code 2024.app */;
			productType = "com.apple.product-type.application";
		};
		87F91EFD2CFCA0DB00DF1026 /* Advent of Code 2024Tests */ = {
			isa = PBXNativeTarget;
			buildConfigurationList = 87F91F152CFCA0DB00DF1026 /* Build configuration list for PBXNativeTarget "Advent of Code 2024Tests" */;
			buildPhases = (
				87F91EFA2CFCA0DB00DF1026 /* Sources */,
				87F91EFB2CFCA0DB00DF1026 /* Frameworks */,
				87F91EFC2CFCA0DB00DF1026 /* Resources */,
			);
			buildRules = (
			);
			dependencies = (
				87F91F002CFCA0DB00DF1026 /* PBXTargetDependency */,
			);
			fileSystemSynchronizedGroups = (
				87F91F012CFCA0DB00DF1026 /* Advent of Code 2024Tests */,
			);
			name = "Advent of Code 2024Tests";
			packageProductDependencies = (
			);
			productName = "Advent of Code 2024Tests";
			productReference = 87F91EFE2CFCA0DB00DF1026 /* Advent of Code 2024Tests.xctest */;
			productType = "com.apple.product-type.bundle.unit-test";
		};
		87F91F072CFCA0DB00DF1026 /* Advent of Code 2024UITests */ = {
			isa = PBXNativeTarget;
			buildConfigurationList = 87F91F182CFCA0DB00DF1026 /* Build configuration list for PBXNativeTarget "Advent of Code 2024UITests" */;
			buildPhases = (
				87F91F042CFCA0DB00DF1026 /* Sources */,
				87F91F052CFCA0DB00DF1026 /* Frameworks */,
				87F91F062CFCA0DB00DF1026 /* Resources */,
			);
			buildRules = (
			);
			dependencies = (
				87F91F0A2CFCA0DB00DF1026 /* PBXTargetDependency */,
			);
			fileSystemSynchronizedGroups = (
				87F91F0B2CFCA0DB00DF1026 /* Advent of Code 2024UITests */,
			);
			name = "Advent of Code 2024UITests";
			packageProductDependencies = (
			);
			productName = "Advent of Code 2024UITests";
			productReference = 87F91F082CFCA0DB00DF1026 /* Advent of Code 2024UITests.xctest */;
			productType = "com.apple.product-type.bundle.ui-testing";
		};
/* End PBXNativeTarget section */

/* Begin PBXProject section */
		87F91EE52CFCA0D800DF1026 /* Project object */ = {
			isa = PBXProject;
			attributes = {
				BuildIndependentTargetsInParallel = 1;
				LastSwiftUpdateCheck = 1600;
				LastUpgradeCheck = 1610;
				TargetAttributes = {
					87F91EEC2CFCA0D800DF1026 = {
						CreatedOnToolsVersion = 16.0;
					};
					87F91EFD2CFCA0DB00DF1026 = {
						CreatedOnToolsVersion = 16.0;
						TestTargetID = 87F91EEC2CFCA0D800DF1026;
					};
					87F91F072CFCA0DB00DF1026 = {
						CreatedOnToolsVersion = 16.0;
						TestTargetID = 87F91EEC2CFCA0D800DF1026;
					};
				};
			};
			buildConfigurationList = 87F91EE82CFCA0D800DF1026 /* Build configuration list for PBXProject "Advent of Code 2024" */;
			developmentRegion = en;
			hasScannedForEncodings = 0;
			knownRegions = (
				en,
				Base,
			);
			mainGroup = 87F91EE42CFCA0D800DF1026;
			minimizedProjectReferenceProxies = 1;
			packageReferences = (
			);
			preferredProjectObjectVersion = 77;
			productRefGroup = 87F91EEE2CFCA0D800DF1026 /* Products */;
			projectDirPath = "";
			projectRoot = "";
			targets = (
				87F91EEC2CFCA0D800DF1026 /* Advent of Code 2024 */,
				87F91EFD2CFCA0DB00DF1026 /* Advent of Code 2024Tests */,
				87F91F072CFCA0DB00DF1026 /* Advent of Code 2024UITests */,
			);
		};
/* End PBXProject section */

/* Begin PBXResourcesBuildPhase section */
		87F91EEB2CFCA0D800DF1026 /* Resources */ = {
			isa = PBXResourcesBuildPhase;
			buildActionMask = 2147483647;
			files = (
			);
			runOnlyForDeploymentPostprocessing = 0;
		};
		87F91EFC2CFCA0DB00DF1026 /* Resources */ = {
			isa = PBXResourcesBuildPhase;
			buildActionMask = 2147483647;
			files = (
			);
			runOnlyForDeploymentPostprocessing = 0;
		};
		87F91F062CFCA0DB00DF1026 /* Resources */ = {
			isa = PBXResourcesBuildPhase;
			buildActionMask = 2147483647;
			files = (
			);
			runOnlyForDeploymentPostprocessing = 0;
		};
/* End PBXResourcesBuildPhase section */

/* Begin PBXSourcesBuildPhase section */
		87F91EE92CFCA0D800DF1026 /* Sources */ = {
			isa = PBXSourcesBuildPhase;
			buildActionMask = 2147483647;
			files = (
			);
			runOnlyForDeploymentPostprocessing = 0;
		};
		87F91EFA2CFCA0DB00DF1026 /* Sources */ = {
			isa = PBXSourcesBuildPhase;
			buildActionMask = 2147483647;
			files = (
			);
			runOnlyForDeploymentPostprocessing = 0;
		};
		87F91F042CFCA0DB00DF1026 /* Sources */ = {
			isa = PBXSourcesBuildPhase;
			buildActionMask = 2147483647;
			files = (
			);
			runOnlyForDeploymentPostprocessing = 0;
		};
/* End PBXSourcesBuildPhase section */

/* Begin PBXTargetDependency section */
		87F91F002CFCA0DB00DF1026 /* PBXTargetDependency */ = {
			isa = PBXTargetDependency;
			target = 87F91EEC2CFCA0D800DF1026 /* Advent of Code 2024 */;
			targetProxy = 87F91EFF2CFCA0DB00DF1026 /* PBXContainerItemProxy */;
		};
		87F91F0A2CFCA0DB00DF1026 /* PBXTargetDependency */ = {
			isa = PBXTargetDependency;
			target = 87F91EEC2CFCA0D800DF1026 /* Advent of Code 2024 */;
			targetProxy = 87F91F092CFCA0DB00DF1026 /* PBXContainerItemProxy */;
		};
/* End PBXTargetDependency section */

/* Begin XCBuildConfiguration section */
		87F91F102CFCA0DB00DF1026 /* Debug */ = {
			isa = XCBuildConfiguration;
			buildSettings = {
				ALWAYS_SEARCH_USER_PATHS = NO;
				ASSETCATALOG_COMPILER_GENERATE_SWIFT_ASSET_SYMBOL_EXTENSIONS = YES;
				CLANG_ANALYZER_NONNULL = YES;
				CLANG_ANALYZER_NUMBER_OBJECT_CONVERSION = YES_AGGRESSIVE;
				CLANG_CXX_LANGUAGE_STANDARD = "gnu++20";
				CLANG_ENABLE_MODULES = YES;
				CLANG_ENABLE_OBJC_ARC = YES;
				CLANG_ENABLE_OBJC_WEAK = YES;
				CLANG_WARN_BLOCK_CAPTURE_AUTORELEASING = YES;
				CLANG_WARN_BOOL_CONVERSION = YES;
				CLANG_WARN_COMMA = YES;
				CLANG_WARN_CONSTANT_CONVERSION = YES;
				CLANG_WARN_DEPRECATED_OBJC_IMPLEMENTATIONS = YES;
				CLANG_WARN_DIRECT_OBJC_ISA_USAGE = YES_ERROR;
				CLANG_WARN_DOCUMENTATION_COMMENTS = YES;
				CLANG_WARN_EMPTY_BODY = YES;
				CLANG_WARN_ENUM_CONVERSION = YES;
				CLANG_WARN_INFINITE_RECURSION = YES;
				CLANG_WARN_INT_CONVERSION = YES;
				CLANG_WARN_NON_LITERAL_NULL_CONVERSION = YES;
				CLANG_WARN_OBJC_IMPLICIT_RETAIN_SELF = YES;
				CLANG_WARN_OBJC_LITERAL_CONVERSION = YES;
				CLANG_WARN_OBJC_ROOT_CLASS = YES_ERROR;
				CLANG_WARN_QUOTED_INCLUDE_IN_FRAMEWORK_HEADER = YES;
				CLANG_WARN_RANGE_LOOP_ANALYSIS = YES;
				CLANG_WARN_STRICT_PROTOTYPES = YES;
				CLANG_WARN_SUSPICIOUS_MOVE = YES;
				CLANG_WARN_UNGUARDED_AVAILABILITY = YES_AGGRESSIVE;
				CLANG_WARN_UNREACHABLE_CODE = YES;
				CLANG_WARN__DUPLICATE_METHOD_MATCH = YES;
				COPY_PHASE_STRIP = NO;
				DEAD_CODE_STRIPPING = YES;
				DEBUG_INFORMATION_FORMAT = dwarf;
				ENABLE_STRICT_OBJC_MSGSEND = YES;
				ENABLE_TESTABILITY = YES;
				ENABLE_USER_SCRIPT_SANDBOXING = YES;
				GCC_C_LANGUAGE_STANDARD = gnu17;
				GCC_DYNAMIC_NO_PIC = NO;
				GCC_NO_COMMON_BLOCKS = YES;
				GCC_OPTIMIZATION_LEVEL = 0;
				GCC_PREPROCESSOR_DEFINITIONS = (
					"DEBUG=1",
					"$(inherited)",
				);
				GCC_WARN_64_TO_32_BIT_CONVERSION = YES;
				GCC_WARN_ABOUT_RETURN_TYPE = YES_ERROR;
				GCC_WARN_UNDECLARED_SELECTOR = YES;
				GCC_WARN_UNINITIALIZED_AUTOS = YES_AGGRESSIVE;
				GCC_WARN_UNUSED_FUNCTION = YES;
				GCC_WARN_UNUSED_VARIABLE = YES;
				LOCALIZATION_PREFERS_STRING_CATALOGS = YES;
				MTL_ENABLE_DEBUG_INFO = INCLUDE_SOURCE;
				MTL_FAST_MATH = YES;
				ONLY_ACTIVE_ARCH = YES;
				SWIFT_ACTIVE_COMPILATION_CONDITIONS = "DEBUG $(inherited)";
				SWIFT_OPTIMIZATION_LEVEL = "-Onone";
			};
			name = Debug;
		};
		87F91F112CFCA0DB00DF1026 /* Release */ = {
			isa = XCBuildConfiguration;
			buildSettings = {
				ALWAYS_SEARCH_USER_PATHS = NO;
				ASSETCATALOG_COMPILER_GENERATE_SWIFT_ASSET_SYMBOL_EXTENSIONS = YES;
				CLANG_ANALYZER_NONNULL = YES;
				CLANG_ANALYZER_NUMBER_OBJECT_CONVERSION = YES_AGGRESSIVE;
				CLANG_CXX_LANGUAGE_STANDARD = "gnu++20";
				CLANG_ENABLE_MODULES = YES;
				CLANG_ENABLE_OBJC_ARC = YES;
				CLANG_ENABLE_OBJC_WEAK = YES;
				CLANG_WARN_BLOCK_CAPTURE_AUTORELEASING = YES;
				CLANG_WARN_BOOL_CONVERSION = YES;
				CLANG_WARN_COMMA = YES;
				CLANG_WARN_CONSTANT_CONVERSION = YES;
				CLANG_WARN_DEPRECATED_OBJC_IMPLEMENTATIONS = YES;
				CLANG_WARN_DIRECT_OBJC_ISA_USAGE = YES_ERROR;
				CLANG_WARN_DOCUMENTATION_COMMENTS = YES;
				CLANG_WARN_EMPTY_BODY = YES;
				CLANG_WARN_ENUM_CONVERSION = YES;
				CLANG_WARN_INFINITE_RECURSION = YES;
				CLANG_WARN_INT_CONVERSION = YES;
				CLANG_WARN_NON_LITERAL_NULL_CONVERSION = YES;
				CLANG_WARN_OBJC_IMPLICIT_RETAIN_SELF = YES;
				CLANG_WARN_OBJC_LITERAL_CONVERSION = YES;
				CLANG_WARN_OBJC_ROOT_CLASS = YES_ERROR;
				CLANG_WARN_QUOTED_INCLUDE_IN_FRAMEWORK_HEADER = YES;
				CLANG_WARN_RANGE_LOOP_ANALYSIS = YES;
				CLANG_WARN_STRICT_PROTOTYPES = YES;
				CLANG_WARN_SUSPICIOUS_MOVE = YES;
				CLANG_WARN_UNGUARDED_AVAILABILITY = YES_AGGRESSIVE;
				CLANG_WARN_UNREACHABLE_CODE = YES;
				CLANG_WARN__DUPLICATE_METHOD_MATCH = YES;
				COPY_PHASE_STRIP = NO;
				DEAD_CODE_STRIPPING = YES;
				DEBUG_INFORMATION_FORMAT = "dwarf-with-dsym";
				ENABLE_NS_ASSERTIONS = NO;
				ENABLE_STRICT_OBJC_MSGSEND = YES;
				ENABLE_USER_SCRIPT_SANDBOXING = YES;
				GCC_C_LANGUAGE_STANDARD = gnu17;
				GCC_NO_COMMON_BLOCKS = YES;
				GCC_WARN_64_TO_32_BIT_CONVERSION = YES;
				GCC_WARN_ABOUT_RETURN_TYPE = YES_ERROR;
				GCC_WARN_UNDECLARED_SELECTOR = YES;
				GCC_WARN_UNINITIALIZED_AUTOS = YES_AGGRESSIVE;
				GCC_WARN_UNUSED_FUNCTION = YES;
				GCC_WARN_UNUSED_VARIABLE = YES;
				LOCALIZATION_PREFERS_STRING_CATALOGS = YES;
				MTL_ENABLE_DEBUG_INFO = NO;
				MTL_FAST_MATH = YES;
				SWIFT_COMPILATION_MODE = wholemodule;
			};
			name = Release;
		};
		87F91F132CFCA0DB00DF1026 /* Debug */ = {
			isa = XCBuildConfiguration;
			buildSettings = {
				ASSETCATALOG_COMPILER_APPICON_NAME = AppIcon;
				ASSETCATALOG_COMPILER_GLOBAL_ACCENT_COLOR_NAME = AccentColor;
				CODE_SIGN_ENTITLEMENTS = "Advent of Code 2024/Advent_of_Code_2024.entitlements";
				CODE_SIGN_STYLE = Automatic;
				CURRENT_PROJECT_VERSION = 1;
				DEAD_CODE_STRIPPING = YES;
				DEVELOPMENT_ASSET_PATHS = "\"Advent of Code 2024/Preview Content\"";
				DEVELOPMENT_TEAM = 7M4W2Y3X7H;
				ENABLE_HARDENED_RUNTIME = YES;
				ENABLE_PREVIEWS = YES;
				GENERATE_INFOPLIST_FILE = YES;
				"INFOPLIST_KEY_UIApplicationSceneManifest_Generation[sdk=iphoneos*]" = YES;
				"INFOPLIST_KEY_UIApplicationSceneManifest_Generation[sdk=iphonesimulator*]" = YES;
				"INFOPLIST_KEY_UIApplicationSupportsIndirectInputEvents[sdk=iphoneos*]" = YES;
				"INFOPLIST_KEY_UIApplicationSupportsIndirectInputEvents[sdk=iphonesimulator*]" = YES;
				"INFOPLIST_KEY_UILaunchScreen_Generation[sdk=iphoneos*]" = YES;
				"INFOPLIST_KEY_UILaunchScreen_Generation[sdk=iphonesimulator*]" = YES;
				"INFOPLIST_KEY_UIStatusBarStyle[sdk=iphoneos*]" = UIStatusBarStyleDefault;
				"INFOPLIST_KEY_UIStatusBarStyle[sdk=iphonesimulator*]" = UIStatusBarStyleDefault;
				INFOPLIST_KEY_UISupportedInterfaceOrientations_iPad = "UIInterfaceOrientationPortrait UIInterfaceOrientationPortraitUpsideDown UIInterfaceOrientationLandscapeLeft UIInterfaceOrientationLandscapeRight";
				INFOPLIST_KEY_UISupportedInterfaceOrientations_iPhone = "UIInterfaceOrientationPortrait UIInterfaceOrientationLandscapeLeft UIInterfaceOrientationLandscapeRight";
				IPHONEOS_DEPLOYMENT_TARGET = 18.0;
				LD_RUNPATH_SEARCH_PATHS = "@executable_path/Frameworks";
				"LD_RUNPATH_SEARCH_PATHS[sdk=macosx*]" = "@executable_path/../Frameworks";
				MACOSX_DEPLOYMENT_TARGET = 15.0;
				MARKETING_VERSION = 1.0;
				PRODUCT_BUNDLE_IDENTIFIER = "com.eddiekoranek.Advent-of-Code-2024";
				PRODUCT_NAME = "$(TARGET_NAME)";
				SDKROOT = auto;
				SUPPORTED_PLATFORMS = "iphoneos iphonesimulator";
				SUPPORTS_MACCATALYST = NO;
				SWIFT_EMIT_LOC_STRINGS = YES;
				SWIFT_VERSION = 5.0;
				TARGETED_DEVICE_FAMILY = "1,2";
				XROS_DEPLOYMENT_TARGET = 2.0;
			};
			name = Debug;
		};
		87F91F142CFCA0DB00DF1026 /* Release */ = {
			isa = XCBuildConfiguration;
			buildSettings = {
				ASSETCATALOG_COMPILER_APPICON_NAME = AppIcon;
				ASSETCATALOG_COMPILER_GLOBAL_ACCENT_COLOR_NAME = AccentColor;
				CODE_SIGN_ENTITLEMENTS = "Advent of Code 2024/Advent_of_Code_2024.entitlements";
				CODE_SIGN_STYLE = Automatic;
				CURRENT_PROJECT_VERSION = 1;
				DEAD_CODE_STRIPPING = YES;
				DEVELOPMENT_ASSET_PATHS = "\"Advent of Code 2024/Preview Content\"";
				DEVELOPMENT_TEAM = 7M4W2Y3X7H;
				ENABLE_HARDENED_RUNTIME = YES;
				ENABLE_PREVIEWS = YES;
				GENERATE_INFOPLIST_FILE = YES;
				"INFOPLIST_KEY_UIApplicationSceneManifest_Generation[sdk=iphoneos*]" = YES;
				"INFOPLIST_KEY_UIApplicationSceneManifest_Generation[sdk=iphonesimulator*]" = YES;
				"INFOPLIST_KEY_UIApplicationSupportsIndirectInputEvents[sdk=iphoneos*]" = YES;
				"INFOPLIST_KEY_UIApplicationSupportsIndirectInputEvents[sdk=iphonesimulator*]" = YES;
				"INFOPLIST_KEY_UILaunchScreen_Generation[sdk=iphoneos*]" = YES;
				"INFOPLIST_KEY_UILaunchScreen_Generation[sdk=iphonesimulator*]" = YES;
				"INFOPLIST_KEY_UIStatusBarStyle[sdk=iphoneos*]" = UIStatusBarStyleDefault;
				"INFOPLIST_KEY_UIStatusBarStyle[sdk=iphonesimulator*]" = UIStatusBarStyleDefault;
				INFOPLIST_KEY_UISupportedInterfaceOrientations_iPad = "UIInterfaceOrientationPortrait UIInterfaceOrientationPortraitUpsideDown UIInterfaceOrientationLandscapeLeft UIInterfaceOrientationLandscapeRight";
				INFOPLIST_KEY_UISupportedInterfaceOrientations_iPhone = "UIInterfaceOrientationPortrait UIInterfaceOrientationLandscapeLeft UIInterfaceOrientationLandscapeRight";
				IPHONEOS_DEPLOYMENT_TARGET = 18.0;
				LD_RUNPATH_SEARCH_PATHS = "@executable_path/Frameworks";
				"LD_RUNPATH_SEARCH_PATHS[sdk=macosx*]" = "@executable_path/../Frameworks";
				MACOSX_DEPLOYMENT_TARGET = 15.0;
				MARKETING_VERSION = 1.0;
				PRODUCT_BUNDLE_IDENTIFIER = "com.eddiekoranek.Advent-of-Code-2024";
				PRODUCT_NAME = "$(TARGET_NAME)";
				SDKROOT = auto;
				SUPPORTED_PLATFORMS = "iphoneos iphonesimulator";
				SUPPORTS_MACCATALYST = NO;
				SWIFT_EMIT_LOC_STRINGS = YES;
				SWIFT_VERSION = 5.0;
				TARGETED_DEVICE_FAMILY = "1,2";
				XROS_DEPLOYMENT_TARGET = 2.0;
			};
			name = Release;
		};
		87F91F162CFCA0DB00DF1026 /* Debug */ = {
			isa = XCBuildConfiguration;
			buildSettings = {
				BUNDLE_LOADER = "$(TEST_HOST)";
				CODE_SIGN_STYLE = Automatic;
				CURRENT_PROJECT_VERSION = 1;
				DEAD_CODE_STRIPPING = YES;
				DEVELOPMENT_TEAM = 7M4W2Y3X7H;
				GENERATE_INFOPLIST_FILE = YES;
				IPHONEOS_DEPLOYMENT_TARGET = 18.0;
				MACOSX_DEPLOYMENT_TARGET = 15.0;
				MARKETING_VERSION = 1.0;
				PRODUCT_BUNDLE_IDENTIFIER = "com.eddiekoranek.Advent-of-Code-2024Tests";
				PRODUCT_NAME = "$(TARGET_NAME)";
				SDKROOT = auto;
				SUPPORTED_PLATFORMS = "iphoneos iphonesimulator macosx xros xrsimulator";
				SWIFT_EMIT_LOC_STRINGS = NO;
				SWIFT_VERSION = 5.0;
				TARGETED_DEVICE_FAMILY = "1,2,7";
				TEST_HOST = "$(BUILT_PRODUCTS_DIR)/Advent of Code 2024.app/$(BUNDLE_EXECUTABLE_FOLDER_PATH)/Advent of Code 2024";
				XROS_DEPLOYMENT_TARGET = 2.0;
			};
			name = Debug;
		};
		87F91F172CFCA0DB00DF1026 /* Release */ = {
			isa = XCBuildConfiguration;
			buildSettings = {
				BUNDLE_LOADER = "$(TEST_HOST)";
				CODE_SIGN_STYLE = Automatic;
				CURRENT_PROJECT_VERSION = 1;
				DEAD_CODE_STRIPPING = YES;
				DEVELOPMENT_TEAM = 7M4W2Y3X7H;
				GENERATE_INFOPLIST_FILE = YES;
				IPHONEOS_DEPLOYMENT_TARGET = 18.0;
				MACOSX_DEPLOYMENT_TARGET = 15.0;
				MARKETING_VERSION = 1.0;
				PRODUCT_BUNDLE_IDENTIFIER = "com.eddiekoranek.Advent-of-Code-2024Tests";
				PRODUCT_NAME = "$(TARGET_NAME)";
				SDKROOT = auto;
				SUPPORTED_PLATFORMS = "iphoneos iphonesimulator macosx xros xrsimulator";
				SWIFT_EMIT_LOC_STRINGS = NO;
				SWIFT_VERSION = 5.0;
				TARGETED_DEVICE_FAMILY = "1,2,7";
				TEST_HOST = "$(BUILT_PRODUCTS_DIR)/Advent of Code 2024.app/$(BUNDLE_EXECUTABLE_FOLDER_PATH)/Advent of Code 2024";
				XROS_DEPLOYMENT_TARGET = 2.0;
			};
			name = Release;
		};
		87F91F192CFCA0DB00DF1026 /* Debug */ = {
			isa = XCBuildConfiguration;
			buildSettings = {
				CODE_SIGN_STYLE = Automatic;
				CURRENT_PROJECT_VERSION = 1;
				DEAD_CODE_STRIPPING = YES;
				DEVELOPMENT_TEAM = 7M4W2Y3X7H;
				GENERATE_INFOPLIST_FILE = YES;
				IPHONEOS_DEPLOYMENT_TARGET = 18.0;
				MACOSX_DEPLOYMENT_TARGET = 15.0;
				MARKETING_VERSION = 1.0;
				PRODUCT_BUNDLE_IDENTIFIER = "com.eddiekoranek.Advent-of-Code-2024UITests";
				PRODUCT_NAME = "$(TARGET_NAME)";
				SDKROOT = auto;
				SUPPORTED_PLATFORMS = "iphoneos iphonesimulator macosx xros xrsimulator";
				SWIFT_EMIT_LOC_STRINGS = NO;
				SWIFT_VERSION = 5.0;
				TARGETED_DEVICE_FAMILY = "1,2,7";
				TEST_TARGET_NAME = "Advent of Code 2024";
				XROS_DEPLOYMENT_TARGET = 2.0;
			};
			name = Debug;
		};
		87F91F1A2CFCA0DB00DF1026 /* Release */ = {
			isa = XCBuildConfiguration;
			buildSettings = {
				CODE_SIGN_STYLE = Automatic;
				CURRENT_PROJECT_VERSION = 1;
				DEAD_CODE_STRIPPING = YES;
				DEVELOPMENT_TEAM = 7M4W2Y3X7H;
				GENERATE_INFOPLIST_FILE = YES;
				IPHONEOS_DEPLOYMENT_TARGET = 18.0;
				MACOSX_DEPLOYMENT_TARGET = 15.0;
				MARKETING_VERSION = 1.0;
				PRODUCT_BUNDLE_IDENTIFIER = "com.eddiekoranek.Advent-of-Code-2024UITests";
				PRODUCT_NAME = "$(TARGET_NAME)";
				SDKROOT = auto;
				SUPPORTED_PLATFORMS = "iphoneos iphonesimulator macosx xros xrsimulator";
				SWIFT_EMIT_LOC_STRINGS = NO;
				SWIFT_VERSION = 5.0;
				TARGETED_DEVICE_FAMILY = "1,2,7";
				TEST_TARGET_NAME = "Advent of Code 2024";
				XROS_DEPLOYMENT_TARGET = 2.0;
			};
			name = Release;
		};
/* End XCBuildConfiguration section */

/* Begin XCConfigurationList section */
		87F91EE82CFCA0D800DF1026 /* Build configuration list for PBXProject "Advent of Code 2024" */ = {
			isa = XCConfigurationList;
			buildConfigurations = (
				87F91F102CFCA0DB00DF1026 /* Debug */,
				87F91F112CFCA0DB00DF1026 /* Release */,
			);
			defaultConfigurationIsVisible = 0;
			defaultConfigurationName = Release;
		};
		87F91F122CFCA0DB00DF1026 /* Build configuration list for PBXNativeTarget "Advent of Code 2024" */ = {
			isa = XCConfigurationList;
			buildConfigurations = (
				87F91F132CFCA0DB00DF1026 /* Debug */,
				87F91F142CFCA0DB00DF1026 /* Release */,
			);
			defaultConfigurationIsVisible = 0;
			defaultConfigurationName = Release;
		};
		87F91F152CFCA0DB00DF1026 /* Build configuration list for PBXNativeTarget "Advent of Code 2024Tests" */ = {
			isa = XCConfigurationList;
			buildConfigurations = (
				87F91F162CFCA0DB00DF1026 /* Debug */,
				87F91F172CFCA0DB00DF1026 /* Release */,
			);
			defaultConfigurationIsVisible = 0;
			defaultConfigurationName = Release;
		};
		87F91F182CFCA0DB00DF1026 /* Build configuration list for PBXNativeTarget "Advent of Code 2024UITests" */ = {
			isa = XCConfigurationList;
			buildConfigurations = (
				87F91F192CFCA0DB00DF1026 /* Debug */,
				87F91F1A2CFCA0DB00DF1026 /* Release */,
			);
			defaultConfigurationIsVisible = 0;
			defaultConfigurationName = Release;
		};
/* End XCConfigurationList section */
	};
	rootObject = 87F91EE52CFCA0D800DF1026 /* Project object */;
}
